lockfileVersion: '9.0'

settings:
  autoInstallPeers: true
  excludeLinksFromLockfile: false

importers:

  .:
    dependencies:
      pg:
        specifier: ^8.13.1
        version: 8.22.0
    devDependencies:
      '@aws-sdk/client-s3':
        specifier: ^3.700.0
        version: 3.1081.0
      '@playwright/test':
        specifier: ^1.49.0
        version: 1.61.1
      '@types/js-yaml':
        specifier: ^4.0.9
        version: 4.0.9
      '@types/node':
        specifier: ^22.10.0
        version: 22.20.1
      '@types/pg':
        specifier: ^8.11.10
        version: 8.20.0
      js-yaml:
        specifier: ^4.1.0
        version: 4.3.0
      typescript:
        specifier: ^5.7.2
        version: 5.9.3

packages:

  '@aws-sdk/checksums@3.1000.14':
    resolution: {integrity: sha512-9j0TSNmYVywV+shhBXXkIhaazZwZ+nDSGfG6V47nFLqXdk6mPYk/OJkV4+uRvIg2Ju5F6HTvgM/sfsuTsbAYwg==}
    engines: {node: '>=20.0.0'}

  '@aws-sdk/client-s3@3.1081.0':
    resolution: {integrity: sha512-mHAdLBibsbFwcW2YHrH5sIQlaXjB3zha7Nkooa2gqTlXxRpVJ+ba/v/mg19B6rJeZmOEteRHFz+INOlAbCbxJg==}
    engines: {node: '>=20.0.0'}

  '@aws-sdk/core@3.974.29':
    resolution: {integrity: sha512-yqKcltLbtRh1ubzhRSldIs8jFHNZlyMlgoIccCC0aDVbrB99nXaBdmfr89mK7obWX/NVg4rAMpCpZ6dCDiVBtA==}
    engines: {node: '>=20.0.0'}

  '@aws-sdk/credential-provider-env@3.972.55':
    resolution: {integrity: sha512-Ah36tYkqyaVnaHkx7VseoTYrHUmwgBps3V+wnrC1idhIIMGlviH0FtrX9EIPdAlVHvXC7FQZLhmHBRz+pLaiWg==}
    engines: {node: '>=20.0.0'}

  '@aws-sdk/credential-provider-http@3.972.57':
    resolution: {integrity: sha512-/vp6i5YEliJqRm5k/BDmYjAyRAMTdkjW6UciVRk9oh/0OfDCWeb/ih7hqte4lFvKXkIbsqe9AdK9LQK6NGardw==}
    engines: {node: '>=20.0.0'}

  '@aws-sdk/credential-provider-ini@3.972.62':
    resolution: {integrity: sha512-pQIRiQQs+MUlVnJdWJ7/6KS0WxcLRVfut57OFgwC3cnM1F8mXw3Kh4gAVwj6AtvD6CWx8x6+po4ENRcqe64XrQ==}
    engines: {node: '>=20.0.0'}

  '@aws-sdk/credential-provider-login@3.972.61':
    resolution: {integrity: sha512-jtrxWwC7slqxh7DnAWHrwsA3UwCsnlypdYtavGT7EX5p791wxWQys7QzkCZ7JvOMAyylDtPoxyV+ic0zg3rV9g==}
    engines: {node: '>=20.0.0'}

  '@aws-sdk/credential-provider-node@3.972.64':
    resolution: {integrity: sha512-zyKVYDyMR9VQL/kPi03ygN2vtD9uLMuWRLoJ77KxgZZaS1VlJloI+SzleF9Zg4HWUI+AIu+ZRs8zsJFNqbrxsw==}
    engines: {node: '>=20.0.0'}

  '@aws-sdk/credential-provider-process@3.972.55':
    resolution: {integrity: sha512-x0XjjF0l1WGRtK2vEhTZqCguQuAIZLep9l2+eeEmuxQQjjD3BlGQXY5xADR+l3t576UX+dxRkRtTjEu40l81Vw==}
    engines: {node: '>=20.0.0'}

  '@aws-sdk/credential-provider-sso@3.972.61':
    resolution: {integrity: sha512-d/V0VRsz73i+PHhbult/tx0Y1+de1SNQVsXkcQCmpfeBq7uODy/RTxNsOLpT9ZVHxcRNzbQFuywLKC33fUMIxA==}
    engines: {node: '>=20.0.0'}

  '@aws-sdk/credential-provider-web-identity@3.972.61':
    resolution: {integrity: sha512-Bv4n3NOI6hPy+rmr6Bw9R6LnBVRkcp3ncj2E2IKSYJG+0UkysSitWMvbgndNvMxDw7gE1pQ/ErwkNceuKwj7zQ==}
    engines: {node: '>=20.0.0'}

  '@aws-sdk/middleware-sdk-s3@3.972.60':
    resolution: {integrity: sha512-f8SREKL6uQUYt8fwreiUgaAJQ31/M+UkWfJMDY/TBJC5FdHgNzxuvRFeZ9eMbnf2ydQ3p4pcKEhaLk35DDIPxw==}
    engines: {node: '>=20.0.0'}

  '@aws-sdk/nested-clients@3.997.29':
    resolution: {integrity: sha512-ot6v8J5W8P0w6ryyuIkXP1bHZHTlvwtn83mVCYaBE0GJ6tJX4vPSBx7M98w9O4wmmDruFsDBUMjhEHA+OosUFQ==}
    engines: {node: '>=20.0.0'}

  '@aws-sdk/signature-v4-multi-region@3.996.38':
    resolution: {integrity: sha512-C379Sk+MiFZCfWZphKlMyLHKxV22OjoGM5KJjj5IJNJcOCWL4IGIpnEGzv1FQiRwhYXfq55SJMfxlqPE08JJ9g==}
    engines: {node: '>=20.0.0'}

  '@aws-sdk/token-providers@3.1081.0':
    resolution: {integrity: sha512-kduAeI6cL+zqwj3gjPh9LhuX7kBZ83msYxutavaR+UPm5K8J7iThJBvNRAsFNyWTji92CSU8dogUgvi9T0BehA==}
    engines: {node: '>=20.0.0'}

  '@aws-sdk/types@3.973.15':
    resolution: {integrity: sha512-IULn8uBV/SMtmOIANsm4WHXIOtVPBWfOWs3WGL0j/sI+KhaYehvOw0ET+9urnn8MBpiijuU/0JOpuwKOE451PQ==}
    engines: {node: '>=20.0.0'}

  '@aws-sdk/xml-builder@3.972.33':
    resolution: {integrity: sha512-ezbwz9WpuLctm6o7P2t2naDhVVPI5jFGrVefVybhcKGjU57VIyT46pQVO0RI2RYkUdhdj2Z9uSIlAzGZE9NW9A==}
    engines: {node: '>=20.0.0'}

  '@aws/lambda-invoke-store@0.3.0':
    resolution: {integrity: sha512-sl4Bm6yiMNYrZKkqqDFWN0UfnWhlS8ivKxrYl+6t0gCLrqr8y3B2IqZZbFRkfaVVp7C/baApyh71P+LeE1A2sQ==}
    engines: {node: '>=18.0.0'}

  '@playwright/test@1.61.1':
    resolution: {integrity: sha512-8nKv6+0RJSL9FE4jYOEGXnPeM/Hg12qZpmqzZjRh3qM0Y7c3z1mrOTfFLids72RDQYVh9WpLEfR5WdpNX4fkig==}
    engines: {node: '>=18'}
    hasBin: true

  '@smithy/core@3.29.2':
    resolution: {integrity: sha512-DXUk6yU0C1Q1tYvJh1VCtl8QOBcSoZpKwjTPkxT6A4MUQYHvgeKGByL8mrEdxnvhdf9nq5GyzmRb5n/vPgu3Lw==}
    engines: {node: '>=18.0.0'}

  '@smithy/credential-provider-imds@4.4.7':
    resolution: {integrity: sha512-UEMLOoA0Fl4uYBxh6l0uN0H6EJe/A89OGeDNTteQeXpJ20BcpfIr4wlCY9pel1jEAUHAxaYwuqrYlrKdXE1GKQ==}
    engines: {node: '>=18.0.0'}

  '@smithy/fetch-http-handler@5.6.4':
    resolution: {integrity: sha512-psnst7NZWdAEvJvyW8YZEE7xNVMyLrQFfHtyrVFrxNyy+dKWkQ+rqC6oI5ZhxThpUy9RSfEshgm34zqbOxzsRw==}
    engines: {node: '>=18.0.0'}

  '@smithy/node-http-handler@4.9.4':
    resolution: {integrity: sha512-BNTop/fSOptmoVk8g+efwHCofFh37g70OWGAFES1TeAAJja1K5aAI8rTE26ETSc5k8IQuWY2kAIoPla01NgYrA==}
    engines: {node: '>=18.0.0'}

  '@smithy/signature-v4@5.6.3':
    resolution: {integrity: sha512-8qVKKzqh7naF27ePmx0SkUfnGP/wBI9dyaeAmhHvopnbIlItUAmB/e6PkPCU3rRb2v9BY8D4EZXSoydSibatvw==}
    engines: {node: '>=18.0.0'}

  '@smithy/types@4.16.0':
    resolution: {integrity: sha512-aVUabzlBBmY0PfvVgLKQSOGFIL5/7R54JE3uD9a5Ay/jSED61SkuAcCYENNXJzYUvJ1NPrWO0P+rAXHCkbBUKw==}
    engines: {node: '>=18.0.0'}

  '@types/js-yaml@4.0.9':
    resolution: {integrity: sha512-k4MGaQl5TGo/iipqb2UDG2UwjXziSWkh0uysQelTlJpX1qGlpUZYm8PnO4DxG1qBomtJUdYJ6qR6xdIah10JLg==}

  '@types/node@22.20.1':
    resolution: {integrity: sha512-EANqOCF9QFyra+4pfxUcX9STKJpCLjMbObVzljIJomAWSnuSIEAvyzEU53GaajbXJEgdh0iEcPL+DGvpUd4k1Q==}

  '@types/pg@8.20.0':
    resolution: {integrity: sha512-bEPFOaMAHTEP1EzpvHTbmwR8UsFyHSKsRisLIHVMXnpNefSbGA1bD6CVy+qKjGSqmZqNqBDV2azOBo8TgkcVow==}

  argparse@2.0.1:
    resolution: {integrity: sha512-8+9WqebbFzpX9OR+Wa6O29asIogeRMzcGtAINdpMHHyAg10f05aSFVBbcEqGf/PXw1EjAZ+q2/bEBg3DvurK3Q==}

  bowser@2.14.1:
    resolution: {integrity: sha512-tzPjzCxygAKWFOJP011oxFHs57HzIhOEracIgAePE4pqB3LikALKnSzUyU4MGs9/iCEUuHlAJTjTc5M+u7YEGg==}

  fsevents@2.3.2:
    resolution: {integrity: sha512-xiqMQR4xAeHTuB9uWm+fFRcIOgKBMiOBP+eXiyT7jsgVCq1bkVygt00oASowB7EdtpOHaaPgKt812P9ab+DDKA==}
    engines: {node: ^8.16.0 || ^10.6.0 || >=11.0.0}
    os: [darwin]

  js-yaml@4.3.0:
    resolution: {integrity: sha512-1td788aAnnZ5qs7V2QIRl1owjtYpbKt749Y3xauqQgwIIGF/xXWz1wMTEBx5O3LK3lXLVuqXPdPxj2BoFHaW9Q==}
    hasBin: true

  pg-cloudflare@1.4.0:
    resolution: {integrity: sha512-Vo7z/6rrQYxpNRylp4Tlob2elzbh+N/MOQbxFVWCxS7oEx6jF53GTJFxK2WWpKuBRkmiin4Mt+xofFDjx09R0A==}

  pg-connection-string@2.14.0:
    resolution: {integrity: sha512-XwWDGcLRGCXAR8F/AM5bG7Q+A3Wm2s6QeEjlOKZLlH3UYcguiqCWKyWXVag5TLTIjR7oOJUY8kcADaZgWPyLeg==}

  pg-int8@1.0.1:
    resolution: {integrity: sha512-WCtabS6t3c8SkpDBUlb1kjOs7l66xsGdKpIPZsg4wR+B3+u9UAum2odSsF9tnvxg80h4ZxLWMy4pRjOsFIqQpw==}
    engines: {node: '>=4.0.0'}

  pg-pool@3.14.0:
    resolution: {integrity: sha512-gKtPkFdQPU3DksooVLi9LsjZxrsBUZIpa+7aVx+LV5pNh0KzP4Zleud2po+ConrxbuXGBJ6Hfer6hdgpIBpBaw==}
    peerDependencies:
      pg: '>=8.0'

  pg-protocol@1.15.0:
    resolution: {integrity: sha512-cq9sECI5s0+uPUXjbz8ioyPJni6RzsRib0US67i5IoTZKw8fNeYlVE7u8F4dG7vEJJtc5wdD1K189lCCUwqWTQ==}

  pg-types@2.2.0:
    resolution: {integrity: sha512-qTAAlrEsl8s4OiEQY69wDvcMIdQN6wdz5ojQiOy6YRMuynxenON0O5oCpJI6lshc6scgAY8qvJ2On/p+CXY0GA==}
    engines: {node: '>=4'}

  pg@8.22.0:
    resolution: {integrity: sha512-8wih1vVIBMxoUM2oB4soJsD9tDnDpLv4OXBJ+EJzFsvycD+lfyIreC2gGHq78f8jbLLt+bvlPTFdFZfJkOuzAA==}
    engines: {node: '>= 16.0.0'}
    peerDependencies:
      pg-native: '>=3.0.1'
    peerDependenciesMeta:
      pg-native:
        optional: true

  pgpass@1.0.5:
    resolution: {integrity: sha512-FdW9r/jQZhSeohs1Z3sI1yxFQNFvMcnmfuj4WBMUTxOrAyLMaTcE1aAMBiTlbMNaXvBCQuVi0R7hd8udDSP7ug==}

  playwright-core@1.61.1:
    resolution: {integrity: sha512-h7Qlt6m4REp25qvIdvbDtVmD4LqVXfpRxhORv9L0jzETM05p4fuPJ3dKyuSXQxDSbXnmS79HAgi9589lGSpLkg==}
    engines: {node: '>=18'}
    hasBin: true

  playwright@1.61.1:
    resolution: {integrity: sha512-DWnY5o3YbLWK4GovuAVwpqL+1VwGNdUGrRr++8j8PtQQzvAVZUIMjKQ90fY689sEJZJBbZVw1rXaOKSTitkzPQ==}
    engines: {node: '>=18'}
    hasBin: true

  postgres-array@2.0.0:
    resolution: {integrity: sha512-VpZrUqU5A69eQyW2c5CA1jtLecCsN2U/bD6VilrFDWq5+5UIEVO7nazS3TEcHf1zuPYO/sqGvUvW62g86RXZuA==}
    engines: {node: '>=4'}

  postgres-bytea@1.0.1:
    resolution: {integrity: sha512-5+5HqXnsZPE65IJZSMkZtURARZelel2oXUEO8rH83VS/hxH5vv1uHquPg5wZs8yMAfdv971IU+kcPUczi7NVBQ==}
    engines: {node: '>=0.10.0'}

  postgres-date@1.0.7:
    resolution: {integrity: sha512-suDmjLVQg78nMK2UZ454hAG+OAW+HQPZ6n++TNDUX+L0+uUlLywnoxJKDou51Zm+zTCjrCl0Nq6J9C5hP9vK/Q==}
    engines: {node: '>=0.10.0'}

  postgres-interval@1.2.0:
    resolution: {integrity: sha512-9ZhXKM/rw350N1ovuWHbGxnGh/SNJ4cnxHiM0rxE4VN41wsg8P8zWn9hv/buK00RP4WvlOyr/RBDiptyxVbkZQ==}
    engines: {node: '>=0.10.0'}

  split2@4.2.0:
    resolution: {integrity: sha512-UcjcJOWknrNkF6PLX83qcHM6KHgVKNkV62Y8a5uYDVv9ydGQVwAHMKqHdJje1VTWpljG0WYpCDhrCdAOYH4TWg==}
    engines: {node: '>= 10.x'}

  tslib@2.8.1:
    resolution: {integrity: sha512-oJFu94HQb+KVduSUQL7wnpmqnfmLsOA/nAh6b6EH0wCEoK0/mPeXU6c3wKDV83MkOuHPRHtSXKKU99IBazS/2w==}

  typescript@5.9.3:
    resolution: {integrity: sha512-jl1vZzPDinLr9eUt3J/t7V6FgNEw9QjvBPdysz9KfQDD41fQrC2Y4vKQdiaUpFT4bXlb1RHhLpp8wtm6M5TgSw==}
    engines: {node: '>=14.17'}
    hasBin: true

  undici-types@6.21.0:
    resolution: {integrity: sha512-iwDZqg0QAGrg9Rav5H4n0M64c3mkR59cJ6wQp+7C4nI0gsmExaedaYLNO44eT4AtBBwjbTiGPMlt2Md0T9H9JQ==}

  xtend@4.0.2:
    resolution: {integrity: sha512-LKYU1iAXJXUgAXn9URjiu+MWhyUXHsvfp7mcuYm9dSUKK0/CjtrUwFAxD82/mCWbtLsGjFIad0wIsod4zrTAEQ==}
    engines: {node: '>=0.4'}

snapshots:

  '@aws-sdk/checksums@3.1000.14':
    dependencies:
      '@aws-sdk/core': 3.974.29
      '@aws-sdk/types': 3.973.15
      '@smithy/core': 3.29.2
      '@smithy/types': 4.16.0
      tslib: 2.8.1

  '@aws-sdk/client-s3@3.1081.0':
    dependencies:
      '@aws-sdk/checksums': 3.1000.14
      '@aws-sdk/core': 3.974.29
      '@aws-sdk/credential-provider-node': 3.972.64
      '@aws-sdk/middleware-sdk-s3': 3.972.60
      '@aws-sdk/signature-v4-multi-region': 3.996.38
      '@aws-sdk/types': 3.973.15
      '@smithy/core': 3.29.2
      '@smithy/fetch-http-handler': 5.6.4
      '@smithy/node-http-handler': 4.9.4
      '@smithy/types': 4.16.0
      tslib: 2.8.1

  '@aws-sdk/core@3.974.29':
    dependencies:
      '@aws-sdk/types': 3.973.15
      '@aws-sdk/xml-builder': 3.972.33
      '@aws/lambda-invoke-store': 0.3.0
      '@smithy/core': 3.29.2
      '@smithy/signature-v4': 5.6.3
      '@smithy/types': 4.16.0
      bowser: 2.14.1
      tslib: 2.8.1

  '@aws-sdk/credential-provider-env@3.972.55':
    dependencies:
      '@aws-sdk/core': 3.974.29
      '@aws-sdk/types': 3.973.15
      '@smithy/core': 3.29.2
      '@smithy/types': 4.16.0
      tslib: 2.8.1

  '@aws-sdk/credential-provider-http@3.972.57':
    dependencies:
      '@aws-sdk/core': 3.974.29
      '@aws-sdk/types': 3.973.15
      '@smithy/core': 3.29.2
      '@smithy/fetch-http-handler': 5.6.4
      '@smithy/node-http-handler': 4.9.4
      '@smithy/types': 4.16.0
      tslib: 2.8.1

  '@aws-sdk/credential-provider-ini@3.972.62':
    dependencies:
      '@aws-sdk/core': 3.974.29
      '@aws-sdk/credential-provider-env': 3.972.55
      '@aws-sdk/credential-provider-http': 3.972.57
      '@aws-sdk/credential-provider-login': 3.972.61
      '@aws-sdk/credential-provider-process': 3.972.55
      '@aws-sdk/credential-provider-sso': 3.972.61
      '@aws-sdk/credential-provider-web-identity': 3.972.61
      '@aws-sdk/nested-clients': 3.997.29
      '@aws-sdk/types': 3.973.15
      '@smithy/core': 3.29.2
      '@smithy/credential-provider-imds': 4.4.7
      '@smithy/types': 4.16.0
      tslib: 2.8.1

  '@aws-sdk/credential-provider-login@3.972.61':
    dependencies:
      '@aws-sdk/core': 3.974.29
      '@aws-sdk/nested-clients': 3.997.29
      '@aws-sdk/types': 3.973.15
      '@smithy/core': 3.29.2
      '@smithy/types': 4.16.0
      tslib: 2.8.1

  '@aws-sdk/credential-provider-node@3.972.64':
    dependencies:
      '@aws-sdk/credential-provider-env': 3.972.55
      '@aws-sdk/credential-provider-http': 3.972.57
      '@aws-sdk/credential-provider-ini': 3.972.62
      '@aws-sdk/credential-provider-process': 3.972.55
      '@aws-sdk/credential-provider-sso': 3.972.61
      '@aws-sdk/credential-provider-web-identity': 3.972.61
      '@aws-sdk/types': 3.973.15
      '@smithy/core': 3.29.2
      '@smithy/credential-provider-imds': 4.4.7
      '@smithy/types': 4.16.0
      tslib: 2.8.1

  '@aws-sdk/credential-provider-process@3.972.55':
    dependencies:
      '@aws-sdk/core': 3.974.29
      '@aws-sdk/types': 3.973.15
      '@smithy/core': 3.29.2
      '@smithy/types': 4.16.0
      tslib: 2.8.1

  '@aws-sdk/credential-provider-sso@3.972.61':
    dependencies:
      '@aws-sdk/core': 3.974.29
      '@aws-sdk/nested-clients': 3.997.29
      '@aws-sdk/token-providers': 3.1081.0
      '@aws-sdk/types': 3.973.15
      '@smithy/core': 3.29.2
      '@smithy/types': 4.16.0
      tslib: 2.8.1

  '@aws-sdk/credential-provider-web-identity@3.972.61':
    dependencies:
      '@aws-sdk/core': 3.974.29
      '@aws-sdk/nested-clients': 3.997.29
      '@aws-sdk/types': 3.973.15
      '@smithy/core': 3.29.2
      '@smithy/types': 4.16.0
      tslib: 2.8.1

  '@aws-sdk/middleware-sdk-s3@3.972.60':
    dependencies:
      '@aws-sdk/core': 3.974.29
      '@aws-sdk/signature-v4-multi-region': 3.996.38
      '@aws-sdk/types': 3.973.15
      '@smithy/core': 3.29.2
      '@smithy/types': 4.16.0
      tslib: 2.8.1

  '@aws-sdk/nested-clients@3.997.29':
    dependencies:
      '@aws-sdk/core': 3.974.29
      '@aws-sdk/signature-v4-multi-region': 3.996.38
      '@aws-sdk/types': 3.973.15
      '@smithy/core': 3.29.2
      '@smithy/fetch-http-handler': 5.6.4
      '@smithy/node-http-handler': 4.9.4
      '@smithy/types': 4.16.0
      tslib: 2.8.1

  '@aws-sdk/signature-v4-multi-region@3.996.38':
    dependencies:
      '@aws-sdk/types': 3.973.15
      '@smithy/signature-v4': 5.6.3
      '@smithy/types': 4.16.0
      tslib: 2.8.1

  '@aws-sdk/token-providers@3.1081.0':
    dependencies:
      '@aws-sdk/core': 3.974.29
      '@aws-sdk/nested-clients': 3.997.29
      '@aws-sdk/types': 3.973.15
      '@smithy/core': 3.29.2
      '@smithy/types': 4.16.0
      tslib: 2.8.1

  '@aws-sdk/types@3.973.15':
    dependencies:
      '@smithy/types': 4.16.0
      tslib: 2.8.1

  '@aws-sdk/xml-builder@3.972.33':
    dependencies:
      '@smithy/types': 4.16.0
      tslib: 2.8.1

  '@aws/lambda-invoke-store@0.3.0': {}

  '@playwright/test@1.61.1':
    dependencies:
      playwright: 1.61.1

  '@smithy/core@3.29.2':
    dependencies:
      '@smithy/types': 4.16.0
      tslib: 2.8.1

  '@smithy/credential-provider-imds@4.4.7':
    dependencies:
      '@smithy/core': 3.29.2
      '@smithy/types': 4.16.0
      tslib: 2.8.1

  '@smithy/fetch-http-handler@5.6.4':
    dependencies:
      '@smithy/core': 3.29.2
      '@smithy/types': 4.16.0
      tslib: 2.8.1

  '@smithy/node-http-handler@4.9.4':
    dependencies:
      '@smithy/core': 3.29.2
      '@smithy/types': 4.16.0
      tslib: 2.8.1

  '@smithy/signature-v4@5.6.3':
    dependencies:
      '@smithy/core': 3.29.2
      '@smithy/types': 4.16.0
      tslib: 2.8.1

  '@smithy/types@4.16.0':
    dependencies:
      tslib: 2.8.1

  '@types/js-yaml@4.0.9': {}

  '@types/node@22.20.1':
    dependencies:
      undici-types: 6.21.0

  '@types/pg@8.20.0':
    dependencies:
      '@types/node': 22.20.1
      pg-protocol: 1.15.0
      pg-types: 2.2.0

  argparse@2.0.1: {}

  bowser@2.14.1: {}

  fsevents@2.3.2:
    optional: true

  js-yaml@4.3.0:
    dependencies:
      argparse: 2.0.1

  pg-cloudflare@1.4.0:
    optional: true

  pg-connection-string@2.14.0: {}

  pg-int8@1.0.1: {}

  pg-pool@3.14.0(pg@8.22.0):
    dependencies:
      pg: 8.22.0

  pg-protocol@1.15.0: {}

  pg-types@2.2.0:
    dependencies:
      pg-int8: 1.0.1
      postgres-array: 2.0.0
      postgres-bytea: 1.0.1
      postgres-date: 1.0.7
      postgres-interval: 1.2.0

  pg@8.22.0:
    dependencies:
      pg-connection-string: 2.14.0
      pg-pool: 3.14.0(pg@8.22.0)
      pg-protocol: 1.15.0
      pg-types: 2.2.0
      pgpass: 1.0.5
    optionalDependencies:
      pg-cloudflare: 1.4.0

  pgpass@1.0.5:
    dependencies:
      split2: 4.2.0

  playwright-core@1.61.1: {}

  playwright@1.61.1:
    dependencies:
      playwright-core: 1.61.1
    optionalDependencies:
      fsevents: 2.3.2

  postgres-array@2.0.0: {}

  postgres-bytea@1.0.1: {}

  postgres-date@1.0.7: {}

  postgres-interval@1.2.0:
    dependencies:
      xtend: 4.0.2

  split2@4.2.0: {}

  tslib@2.8.1: {}

  typescript@5.9.3: {}

  undici-types@6.21.0: {}

  xtend@4.0.2: {}
